
Microsoft Visual Studio Solution File, Format Version 12.00
# Visual Studio Version 16
VisualStudioVersion = 16.0.31702.278
MinimumVisualStudioVersion = 10.0.40219.1
Project("{9A19103F-16F7-4668-BE54-9A1E7A4F7556}") = "Commander", "Commander.csproj", "{4DDCA449-F2DE-4A0D-B8DC-749B56CD5C2B}"
EndProject
Global
	GlobalSection(SolutionConfigurationPlatforms) = preSolution
		Debug|Any CPU = Debug|Any CPU
		Release|Any CPU = Release|Any CPU
	EndGlobalSection
	GlobalSection(ProjectConfigurationPlatforms) = postSolution
		{4DDCA449-F2DE-4A0D-B8DC-749B56CD5C2B}.Debug|Any CPU.ActiveCfg = Debug|Any CPU
		{4DDCA449-F2DE-4A0D-B8DC-749B56CD5C2B}.Debug|Any CPU.Build.0 = Debug|Any CPU
		{4DDCA449-F2DE-4A0D-B8DC-749B56CD5C2B}.Release|Any CPU.ActiveCfg = Release|Any CPU
		{4DDCA449-F2DE-4A0D-B8DC-749B56CD5C2B}.Release|Any CPU.Build.0 = Release|Any CPU
	EndGlobalSection
	GlobalSection(SolutionProperties) = preSolution
		HideSolutionNode = FALSE
	EndGlobalSection
	GlobalSection(ExtensibilityGlobals) = postSolution
		SolutionGuid = {D5F7167C-6F8B-4FEC-99A9-D459FA32E947}
	EndGlobalSection
EndGlobal
